
Microsoft Visual Studio Solution File, Format Version 12.00
# Visual Studio Version 17
VisualStudioVersion = 17.3.32825.248
MinimumVisualStudioVersion = 10.0.40219.1
Project("{8BC9CEB8-8B4A-11D0-8D11-00A0C91BC942}") = "16pract", "16pract\16pract.vcxproj", "{9FDE3B9E-E703-4F04-B3D7-2CFFC89D092D}"
EndProject
Global
	GlobalSection(SolutionConfigurationPlatforms) = preSolution
		Debug|x64 = Debug|x64
		Debug|x86 = Debug|x86
		Release|x64 = Release|x64
		Release|x86 = Release|x86
	EndGlobalSection
	GlobalSection(ProjectConfigurationPlatforms) = postSolution
		{9FDE3B9E-E703-4F04-B3D7-2CFFC89D092D}.Debug|x64.ActiveCfg = Debug|x64
		{9FDE3B9E-E703-4F04-B3D7-2CFFC89D092D}.Debug|x64.Build.0 = Debug|x64
		{9FDE3B9E-E703-4F04-B3D7-2CFFC89D092D}.Debug|x86.ActiveCfg = Debug|Win32
		{9FDE3B9E-E703-4F04-B3D7-2CFFC89D092D}.Debug|x86.Build.0 = Debug|Win32
		{9FDE3B9E-E703-4F04-B3D7-2CFFC89D092D}.Release|x64.ActiveCfg = Release|x64
		{9FDE3B9E-E703-4F04-B3D7-2CFFC89D092D}.Release|x64.Build.0 = Release|x64
		{9FDE3B9E-E703-4F04-B3D7-2CFFC89D092D}.Release|x86.ActiveCfg = Release|Win32
		{9FDE3B9E-E703-4F04-B3D7-2CFFC89D092D}.Release|x86.Build.0 = Release|Win32
	EndGlobalSection
	GlobalSection(SolutionProperties) = preSolution
		HideSolutionNode = FALSE
	EndGlobalSection
	GlobalSection(ExtensibilityGlobals) = postSolution
		SolutionGuid = {E502A563-1263-4AEB-B7CC-054D0AF50FEE}
	EndGlobalSection
EndGlobal
